
Microsoft Visual Studio Solution File, Format Version 12.00
# Visual Studio Version 17
VisualStudioVersion = 17.6.33723.286
MinimumVisualStudioVersion = 10.0.40219.1
Project("{FAE04EC0-301F-11D3-BF4B-00C04F79EFBC}") = "e-comerce", "e-comerce\e-comerce.csproj", "{3CD0D109-D793-40E5-8AC0-84FAC5E7997B}"
EndProject
Global
	GlobalSection(SolutionConfigurationPlatforms) = preSolution
		Debug|Any CPU = Debug|Any CPU
		Release|Any CPU = Release|Any CPU
	EndGlobalSection
	GlobalSection(ProjectConfigurationPlatforms) = postSolution
		{3CD0D109-D793-40E5-8AC0-84FAC5E7997B}.Debug|Any CPU.ActiveCfg = Debug|Any CPU
		{3CD0D109-D793-40E5-8AC0-84FAC5E7997B}.Debug|Any CPU.Build.0 = Debug|Any CPU
		{3CD0D109-D793-40E5-8AC0-84FAC5E7997B}.Release|Any CPU.ActiveCfg = Release|Any CPU
		{3CD0D109-D793-40E5-8AC0-84FAC5E7997B}.Release|Any CPU.Build.0 = Release|Any CPU
	EndGlobalSection
	GlobalSection(SolutionProperties) = preSolution
		HideSolutionNode = FALSE
	EndGlobalSection
	GlobalSection(ExtensibilityGlobals) = postSolution
		SolutionGuid = {794FE41C-918F-41D8-BD56-6EDAC365F397}
	EndGlobalSection
EndGlobal
